
Microsoft Visual Studio Solution File, Format Version 12.00
# Visual Studio 15
VisualStudioVersion = 15.0.27004.2009
MinimumVisualStudioVersion = 10.0.40219.1
Project("{FAE04EC0-301F-11D3-BF4B-00C04F79EFBC}") = "gitconsoleapp", "gitconsoleapp\gitconsoleapp.csproj", "{6E154632-760C-4DD4-88DD-78C4F8A4DFCE}"
EndProject
Global
	GlobalSection(SolutionConfigurationPlatforms) = preSolution
		Debug|Any CPU = Debug|Any CPU
		Release|Any CPU = Release|Any CPU
	EndGlobalSection
	GlobalSection(ProjectConfigurationPlatforms) = postSolution
		{6E154632-760C-4DD4-88DD-78C4F8A4DFCE}.Debug|Any CPU.ActiveCfg = Debug|Any CPU
		{6E154632-760C-4DD4-88DD-78C4F8A4DFCE}.Debug|Any CPU.Build.0 = Debug|Any CPU
		{6E154632-760C-4DD4-88DD-78C4F8A4DFCE}.Release|Any CPU.ActiveCfg = Release|Any CPU
		{6E154632-760C-4DD4-88DD-78C4F8A4DFCE}.Release|Any CPU.Build.0 = Release|Any CPU
	EndGlobalSection
	GlobalSection(SolutionProperties) = preSolution
		HideSolutionNode = FALSE
	EndGlobalSection
	GlobalSection(ExtensibilityGlobals) = postSolution
		SolutionGuid = {FC882E07-C195-4C25-A6BF-B952632DAD25}
	EndGlobalSection
EndGlobal
